{
  "name": "monorepo-demo",
  "lockfileVersion": 2,
  "requires": true,
  "packages": {
    "": {
      "name": "monorepo-demo",
      "workspaces": [
        "packages/*"
      ]
    },
    "node_modules/@foo/all-numbers-marry": {
      "resolved": "packages/all-numbers-marry",
      "link": true
    },
    "node_modules/@foo/beige-games-retire": {
      "resolved": "packages/beige-games-retire",
      "link": true
    },
    "node_modules/@foo/clean-animals-jam": {
      "resolved": "packages/clean-animals-jam",
      "link": true
    },
    "node_modules/@foo/clever-cities-tie": {
      "resolved": "packages/clever-cities-tie",
      "link": true
    },
    "node_modules/@foo/clever-horses-pay": {
      "resolved": "packages/clever-horses-pay",
      "link": true
    },
    "node_modules/@foo/curly-bobcats-cross": {
      "resolved": "packages/curly-bobcats-cross",
      "link": true
    },
    "node_modules/@foo/dark-mugs-stand": {
      "resolved": "packages/dark-mugs-stand",
      "link": true
    },
    "node_modules/@foo/eager-clocks-worry": {
      "resolved": "packages/eager-clocks-worry",
      "link": true
    },
    "node_modules/@foo/early-seas-beg": {
      "resolved": "packages/early-seas-beg",
      "link": true
    },
    "node_modules/@foo/eight-mirrors-sell": {
      "resolved": "packages/eight-mirrors-sell",
      "link": true
    },
    "node_modules/@foo/evil-waves-wait": {
      "resolved": "packages/evil-waves-wait",
      "link": true
    },
    "node_modules/@foo/famous-hands-dress": {
      "resolved": "packages/famous-hands-dress",
      "link": true
    },
    "node_modules/@foo/fifty-chicken-live": {
      "resolved": "packages/fifty-chicken-live",
      "link": true
    },
    "node_modules/@foo/hip-lamps-itch": {
      "resolved": "packages/hip-lamps-itch",
      "link": true
    },
    "node_modules/@foo/honest-tires-flow": {
      "resolved": "packages/honest-tires-flow",
      "link": true
    },
    "node_modules/@foo/huge-meals-arrive": {
      "resolved": "packages/huge-meals-arrive",
      "link": true
    },
    "node_modules/@foo/hungry-ravens-nail": {
      "resolved": "packages/hungry-ravens-nail",
      "link": true
    },
    "node_modules/@foo/icy-beds-laugh": {
      "resolved": "packages/icy-beds-laugh",
      "link": true
    },
    "node_modules/@foo/large-toes-end": {
      "resolved": "packages/large-toes-end",
      "link": true
    },
    "node_modules/@foo/little-wombats-marry": {
      "resolved": "packages/little-wombats-marry",
      "link": true
    },
    "node_modules/@foo/loose-bees-rule": {
      "resolved": "packages/loose-bees-rule",
      "link": true
    },
    "node_modules/@foo/many-cloths-search": {
      "resolved": "packages/many-cloths-search",
      "link": true
    },
    "node_modules/@foo/many-shoes-write": {
      "resolved": "packages/many-shoes-write",
      "link": true
    },
    "node_modules/@foo/modern-actors-bake": {
      "resolved": "packages/modern-actors-bake",
      "link": true
    },
    "node_modules/@foo/nice-weeks-sleep": {
      "resolved": "packages/nice-weeks-sleep",
      "link": true
    },
    "node_modules/@foo/nine-maps-suffer": {
      "resolved": "packages/nine-maps-suffer",
      "link": true
    },
    "node_modules/@foo/poor-badgers-attend": {
      "resolved": "packages/poor-badgers-attend",
      "link": true
    },
    "node_modules/@foo/poor-papayas-build": {
      "resolved": "packages/poor-papayas-build",
      "link": true
    },
    "node_modules/@foo/puny-baths-fail": {
      "resolved": "packages/puny-baths-fail",
      "link": true
    },
    "node_modules/@foo/ready-birds-heal": {
      "resolved": "packages/ready-birds-heal",
      "link": true
    },
    "node_modules/@foo/ready-readers-rhyme": {
      "resolved": "packages/ready-readers-rhyme",
      "link": true
    },
    "node_modules/@foo/real-ghosts-train": {
      "resolved": "packages/real-ghosts-train",
      "link": true
    },
    "node_modules/@foo/rotten-wombats-marry": {
      "resolved": "packages/rotten-wombats-marry",
      "link": true
    },
    "node_modules/@foo/seven-frogs-help": {
      "resolved": "packages/seven-frogs-help",
      "link": true
    },
    "node_modules/@foo/seven-guests-chew": {
      "resolved": "packages/seven-guests-chew",
      "link": true
    },
    "node_modules/@foo/shiny-comics-beg": {
      "resolved": "packages/shiny-comics-beg",
      "link": true
    },
    "node_modules/@foo/slow-carrots-lead": {
      "resolved": "packages/slow-carrots-lead",
      "link": true
    },
    "node_modules/@foo/slow-waves-vanish": {
      "resolved": "packages/slow-waves-vanish",
      "link": true
    },
    "node_modules/@foo/soft-icons-cheat": {
      "resolved": "packages/soft-icons-cheat",
      "link": true
    },
    "node_modules/@foo/solid-jobs-exist": {
      "resolved": "packages/solid-jobs-exist",
      "link": true
    },
    "node_modules/@foo/some-lizards-wonder": {
      "resolved": "packages/some-lizards-wonder",
      "link": true
    },
    "node_modules/@foo/sweet-crabs-lick": {
      "resolved": "packages/sweet-crabs-lick",
      "link": true
    },
    "node_modules/@foo/tangy-trains-win": {
      "resolved": "packages/tangy-trains-win",
      "link": true
    },
    "node_modules/@foo/three-gifts-do": {
      "resolved": "packages/three-gifts-do",
      "link": true
    },
    "node_modules/@foo/tired-spies-open": {
      "resolved": "packages/tired-spies-open",
      "link": true
    },
    "node_modules/@foo/tough-buttons-punch": {
      "resolved": "packages/tough-buttons-punch",
      "link": true
    },
    "node_modules/@foo/tricky-corners-spend": {
      "resolved": "packages/tricky-corners-spend",
      "link": true
    },
    "node_modules/@foo/twenty-readers-pull": {
      "resolved": "packages/twenty-readers-pull",
      "link": true
    },
    "node_modules/@foo/upset-mails-follow": {
      "resolved": "packages/upset-mails-follow",
      "link": true
    },
    "node_modules/@foo/violet-taxis-lie": {
      "resolved": "packages/violet-taxis-lie",
      "link": true
    },
    "node_modules/js-tokens": {
      "version": "4.0.0",
      "resolved": "https://registry.npmjs.org/js-tokens/-/js-tokens-4.0.0.tgz",
      "integrity": "sha512-RdJUflcE3cUzKiMqQgsCu06FPu9UdIJO0beYbPhHN4k6apgJtifcoCtT9bcxOpYBtpD2kCM6Sbzg4CausW/PKQ=="
    },
    "node_modules/loose-envify": {
      "version": "1.4.0",
      "resolved": "https://registry.npmjs.org/loose-envify/-/loose-envify-1.4.0.tgz",
      "integrity": "sha512-lyuxPGr/Wfhrlem2CL/UcnUc1zcqKAImBDzukY7Y5F/yQiNdko6+fRLevlw1HgMySw7f611UIY408EtxRSoK3Q==",
      "dependencies": {
        "js-tokens": "^3.0.0 || ^4.0.0"
      },
      "bin": {
        "loose-envify": "cli.js"
      }
    },
    "node_modules/object-assign": {
      "version": "4.1.1",
      "resolved": "https://registry.npmjs.org/object-assign/-/object-assign-4.1.1.tgz",
      "integrity": "sha512-rJgTQnkUnH1sFw8yT6VSU3zD3sWmu6sZhIseY8VX+GRu3P6F7Fu+JNDoXfklElbLJSnc3FUQHVe4cU5hj+BcUg==",
      "engines": {
        "node": ">=0.10.0"
      }
    },
    "node_modules/prop-types": {
      "version": "15.8.1",
      "resolved": "https://registry.npmjs.org/prop-types/-/prop-types-15.8.1.tgz",
      "integrity": "sha512-oj87CgZICdulUohogVAR7AjlC0327U4el4L6eAvOqCeudMDVU0NThNaV+b9Df4dXgSP1gXMTnPdhfe/2qDH5cg==",
      "dependencies": {
        "loose-envify": "^1.4.0",
        "object-assign": "^4.1.1",
        "react-is": "^16.13.1"
      }
    },
    "node_modules/react": {
      "version": "18.2.0",
      "resolved": "https://registry.npmjs.org/react/-/react-18.2.0.tgz",
      "integrity": "sha512-/3IjMdb2L9QbBdWiW5e3P2/npwMBaU9mHCSCUzNln0ZCYbcfTsGbTJrU/kGemdH2IWmB2ioZ+zkxtmq6g09fGQ==",
      "dependencies": {
        "loose-envify": "^1.1.0"
      },
      "engines": {
        "node": ">=0.10.0"
      }
    },
    "node_modules/react-dom": {
      "version": "18.2.0",
      "resolved": "https://registry.npmjs.org/react-dom/-/react-dom-18.2.0.tgz",
      "integrity": "sha512-6IMTriUmvsjHUjNtEDudZfuDQUoWXVxKHhlEGSk81n4YFS+r/Kl99wXiwlVXtPBtJenozv2P+hxDsw9eA7Xo6g==",
      "dependencies": {
        "loose-envify": "^1.1.0",
        "scheduler": "^0.23.0"
      },
      "peerDependencies": {
        "react": "^18.2.0"
      }
    },
    "node_modules/react-is": {
      "version": "16.13.1",
      "resolved": "https://registry.npmjs.org/react-is/-/react-is-16.13.1.tgz",
      "integrity": "sha512-24e6ynE2H+OKt4kqsOvNd8kBpV65zoxbA4BVsEOB3ARVWQki/DHzaUoC5KuON/BiccDaCCTZBuOcfZs70kR8bQ=="
    },
    "node_modules/scheduler": {
      "version": "0.23.0",
      "resolved": "https://registry.npmjs.org/scheduler/-/scheduler-0.23.0.tgz",
      "integrity": "sha512-CtuThmgHNg7zIZWAXi3AsyIzA3n4xx7aNyjwC2VJldO2LMVDhFK+63xGqq6CsJH4rTAt6/M+N4GhZiDYPx9eUw==",
      "dependencies": {
        "loose-envify": "^1.1.0"
      }
    },
    "packages/all-numbers-marry": {
      "name": "@foo/all-numbers-marry",
      "version": "0.1.0",
      "dependencies": {
        "react": "^18.2.0"
      }
    },
    "packages/beige-games-retire": {
      "name": "@foo/beige-games-retire",
      "version": "0.1.0",
      "dependencies": {
        "react": "^16.13.1"
      }
    },
    "packages/beige-games-retire/node_modules/react": {
      "version": "16.14.0",
      "resolved": "https://registry.npmjs.org/react/-/react-16.14.0.tgz",
      "integrity": "sha512-0X2CImDkJGApiAlcf0ODKIneSwBPhqJawOa5wCtKbu7ZECrmS26NvtSILynQ66cgkT/RJ4LidJOc3bUESwmU8g==",
      "dependencies": {
        "loose-envify": "^1.1.0",
        "object-assign": "^4.1.1",
        "prop-types": "^15.6.2"
      },
      "engines": {
        "node": ">=0.10.0"
      }
    },
    "packages/clean-animals-jam": {
      "name": "@foo/clean-animals-jam",
      "version": "0.1.0",
      "dependencies": {
        "react": "^18.2.0"
      }
    },
    "packages/clever-cities-tie": {
      "name": "@foo/clever-cities-tie",
      "version": "0.1.0",
      "dependencies": {
        "react": "^18.2.0",
        "react-dom": "^18.2.0"
      }
    },
    "packages/clever-horses-pay": {
      "name": "@foo/clever-horses-pay",
      "version": "0.1.0"
    },
    "packages/curly-bobcats-cross": {
      "name": "@foo/curly-bobcats-cross",
      "version": "0.1.0"
    },
    "packages/dark-mugs-stand": {
      "name": "@foo/dark-mugs-stand",
      "version": "0.1.0"
    },
    "packages/eager-clocks-worry": {
      "name": "@foo/eager-clocks-worry",
      "version": "0.1.0"
    },
    "packages/early-seas-beg": {
      "name": "@foo/early-seas-beg",
      "version": "0.1.0"
    },
    "packages/eight-mirrors-sell": {
      "name": "@foo/eight-mirrors-sell",
      "version": "0.1.0"
    },
    "packages/evil-waves-wait": {
      "name": "@foo/evil-waves-wait",
      "version": "0.1.0"
    },
    "packages/famous-hands-dress": {
      "name": "@foo/famous-hands-dress",
      "version": "0.1.0"
    },
    "packages/fifty-chicken-live": {
      "name": "@foo/fifty-chicken-live",
      "version": "0.1.0"
    },
    "packages/hip-lamps-itch": {
      "name": "@foo/hip-lamps-itch",
      "version": "0.1.0"
    },
    "packages/honest-tires-flow": {
      "name": "@foo/honest-tires-flow",
      "version": "0.1.0"
    },
    "packages/huge-meals-arrive": {
      "name": "@foo/huge-meals-arrive",
      "version": "0.1.0"
    },
    "packages/hungry-ravens-nail": {
      "name": "@foo/hungry-ravens-nail",
      "version": "0.1.0"
    },
    "packages/icy-beds-laugh": {
      "name": "@foo/icy-beds-laugh",
      "version": "0.1.0"
    },
    "packages/large-toes-end": {
      "name": "@foo/large-toes-end",
      "version": "0.1.0"
    },
    "packages/little-wombats-marry": {
      "name": "@foo/little-wombats-marry",
      "version": "0.1.0"
    },
    "packages/loose-bees-rule": {
      "name": "@foo/loose-bees-rule",
      "version": "0.1.0"
    },
    "packages/many-cloths-search": {
      "name": "@foo/many-cloths-search",
      "version": "0.1.0"
    },
    "packages/many-shoes-write": {
      "name": "@foo/many-shoes-write",
      "version": "0.1.0"
    },
    "packages/modern-actors-bake": {
      "name": "@foo/modern-actors-bake",
      "version": "0.1.0"
    },
    "packages/nice-weeks-sleep": {
      "name": "@foo/nice-weeks-sleep",
      "version": "0.1.0"
    },
    "packages/nine-maps-suffer": {
      "name": "@foo/nine-maps-suffer",
      "version": "0.1.0"
    },
    "packages/poor-badgers-attend": {
      "name": "@foo/poor-badgers-attend",
      "version": "0.1.0"
    },
    "packages/poor-papayas-build": {
      "name": "@foo/poor-papayas-build",
      "version": "0.1.0"
    },
    "packages/puny-baths-fail": {
      "name": "@foo/puny-baths-fail",
      "version": "0.1.0"
    },
    "packages/ready-birds-heal": {
      "name": "@foo/ready-birds-heal",
      "version": "0.1.0"
    },
    "packages/ready-readers-rhyme": {
      "name": "@foo/ready-readers-rhyme",
      "version": "0.1.0"
    },
    "packages/real-ghosts-train": {
      "name": "@foo/real-ghosts-train",
      "version": "0.1.0"
    },
    "packages/rotten-wombats-marry": {
      "name": "@foo/rotten-wombats-marry",
      "version": "0.1.0"
    },
    "packages/seven-frogs-help": {
      "name": "@foo/seven-frogs-help",
      "version": "0.1.0"
    },
    "packages/seven-guests-chew": {
      "name": "@foo/seven-guests-chew",
      "version": "0.1.0"
    },
    "packages/shiny-comics-beg": {
      "name": "@foo/shiny-comics-beg",
      "version": "0.1.0"
    },
    "packages/slow-carrots-lead": {
      "name": "@foo/slow-carrots-lead",
      "version": "0.1.0"
    },
    "packages/slow-waves-vanish": {
      "name": "@foo/slow-waves-vanish",
      "version": "0.1.0"
    },
    "packages/soft-icons-cheat": {
      "name": "@foo/soft-icons-cheat",
      "version": "0.1.0"
    },
    "packages/solid-jobs-exist": {
      "name": "@foo/solid-jobs-exist",
      "version": "0.1.0"
    },
    "packages/some-lizards-wonder": {
      "name": "@foo/some-lizards-wonder",
      "version": "0.1.0"
    },
    "packages/sweet-crabs-lick": {
      "name": "@foo/sweet-crabs-lick",
      "version": "0.1.0"
    },
    "packages/tangy-trains-win": {
      "name": "@foo/tangy-trains-win",
      "version": "0.1.0"
    },
    "packages/three-gifts-do": {
      "name": "@foo/three-gifts-do",
      "version": "0.1.0"
    },
    "packages/tired-spies-open": {
      "name": "@foo/tired-spies-open",
      "version": "0.1.0"
    },
    "packages/tough-buttons-punch": {
      "name": "@foo/tough-buttons-punch",
      "version": "0.1.0"
    },
    "packages/tricky-corners-spend": {
      "name": "@foo/tricky-corners-spend",
      "version": "0.1.0"
    },
    "packages/twenty-readers-pull": {
      "name": "@foo/twenty-readers-pull",
      "version": "0.1.0"
    },
    "packages/upset-mails-follow": {
      "name": "@foo/upset-mails-follow",
      "version": "0.1.0"
    },
    "packages/violet-taxis-lie": {
      "name": "@foo/violet-taxis-lie",
      "version": "0.1.0"
    }
  },
  "dependencies": {
    "@foo/all-numbers-marry": {
      "version": "file:packages/all-numbers-marry",
      "requires": {
        "react": "^18.2.0"
      }
    },
    "@foo/beige-games-retire": {
      "version": "file:packages/beige-games-retire",
      "requires": {
        "react": "^16.13.1"
      },
      "dependencies": {
        "react": {
          "version": "16.14.0",
          "resolved": "https://registry.npmjs.org/react/-/react-16.14.0.tgz",
          "integrity": "sha512-0X2CImDkJGApiAlcf0ODKIneSwBPhqJawOa5wCtKbu7ZECrmS26NvtSILynQ66cgkT/RJ4LidJOc3bUESwmU8g==",
          "requires": {
            "loose-envify": "^1.1.0",
            "object-assign": "^4.1.1",
            "prop-types": "^15.6.2"
          }
        }
      }
    },
    "@foo/clean-animals-jam": {
      "version": "file:packages/clean-animals-jam",
      "requires": {
        "react": "^18.2.0"
      }
    },
    "@foo/clever-cities-tie": {
      "version": "file:packages/clever-cities-tie",
      "requires": {
        "react": "^18.2.0",
        "react-dom": "^18.2.0"
      }
    },
    "@foo/clever-horses-pay": {
      "version": "file:packages/clever-horses-pay"
    },
    "@foo/curly-bobcats-cross": {
      "version": "file:packages/curly-bobcats-cross"
    },
    "@foo/dark-mugs-stand": {
      "version": "file:packages/dark-mugs-stand"
    },
    "@foo/eager-clocks-worry": {
      "version": "file:packages/eager-clocks-worry"
    },
    "@foo/early-seas-beg": {
      "version": "file:packages/early-seas-beg"
    },
    "@foo/eight-mirrors-sell": {
      "version": "file:packages/eight-mirrors-sell"
    },
    "@foo/evil-waves-wait": {
      "version": "file:packages/evil-waves-wait"
    },
    "@foo/famous-hands-dress": {
      "version": "file:packages/famous-hands-dress"
    },
    "@foo/fifty-chicken-live": {
      "version": "file:packages/fifty-chicken-live"
    },
    "@foo/hip-lamps-itch": {
      "version": "file:packages/hip-lamps-itch"
    },
    "@foo/honest-tires-flow": {
      "version": "file:packages/honest-tires-flow"
    },
    "@foo/huge-meals-arrive": {
      "version": "file:packages/huge-meals-arrive"
    },
    "@foo/hungry-ravens-nail": {
      "version": "file:packages/hungry-ravens-nail"
    },
    "@foo/icy-beds-laugh": {
      "version": "file:packages/icy-beds-laugh"
    },
    "@foo/large-toes-end": {
      "version": "file:packages/large-toes-end"
    },
    "@foo/little-wombats-marry": {
      "version": "file:packages/little-wombats-marry"
    },
    "@foo/loose-bees-rule": {
      "version": "file:packages/loose-bees-rule"
    },
    "@foo/many-cloths-search": {
      "version": "file:packages/many-cloths-search"
    },
    "@foo/many-shoes-write": {
      "version": "file:packages/many-shoes-write"
    },
    "@foo/modern-actors-bake": {
      "version": "file:packages/modern-actors-bake"
    },
    "@foo/nice-weeks-sleep": {
      "version": "file:packages/nice-weeks-sleep"
    },
    "@foo/nine-maps-suffer": {
      "version": "file:packages/nine-maps-suffer"
    },
    "@foo/poor-badgers-attend": {
      "version": "file:packages/poor-badgers-attend"
    },
    "@foo/poor-papayas-build": {
      "version": "file:packages/poor-papayas-build"
    },
    "@foo/puny-baths-fail": {
      "version": "file:packages/puny-baths-fail"
    },
    "@foo/ready-birds-heal": {
      "version": "file:packages/ready-birds-heal"
    },
    "@foo/ready-readers-rhyme": {
      "version": "file:packages/ready-readers-rhyme"
    },
    "@foo/real-ghosts-train": {
      "version": "file:packages/real-ghosts-train"
    },
    "@foo/rotten-wombats-marry": {
      "version": "file:packages/rotten-wombats-marry"
    },
    "@foo/seven-frogs-help": {
      "version": "file:packages/seven-frogs-help"
    },
    "@foo/seven-guests-chew": {
      "version": "file:packages/seven-guests-chew"
    },
    "@foo/shiny-comics-beg": {
      "version": "file:packages/shiny-comics-beg"
    },
    "@foo/slow-carrots-lead": {
      "version": "file:packages/slow-carrots-lead"
    },
    "@foo/slow-waves-vanish": {
      "version": "file:packages/slow-waves-vanish"
    },
    "@foo/soft-icons-cheat": {
      "version": "file:packages/soft-icons-cheat"
    },
    "@foo/solid-jobs-exist": {
      "version": "file:packages/solid-jobs-exist"
    },
    "@foo/some-lizards-wonder": {
      "version": "file:packages/some-lizards-wonder"
    },
    "@foo/sweet-crabs-lick": {
      "version": "file:packages/sweet-crabs-lick"
    },
    "@foo/tangy-trains-win": {
      "version": "file:packages/tangy-trains-win"
    },
    "@foo/three-gifts-do": {
      "version": "file:packages/three-gifts-do"
    },
    "@foo/tired-spies-open": {
      "version": "file:packages/tired-spies-open"
    },
    "@foo/tough-buttons-punch": {
      "version": "file:packages/tough-buttons-punch"
    },
    "@foo/tricky-corners-spend": {
      "version": "file:packages/tricky-corners-spend"
    },
    "@foo/twenty-readers-pull": {
      "version": "file:packages/twenty-readers-pull"
    },
    "@foo/upset-mails-follow": {
      "version": "file:packages/upset-mails-follow"
    },
    "@foo/violet-taxis-lie": {
      "version": "file:packages/violet-taxis-lie"
    },
    "js-tokens": {
      "version": "4.0.0",
      "resolved": "https://registry.npmjs.org/js-tokens/-/js-tokens-4.0.0.tgz",
      "integrity": "sha512-RdJUflcE3cUzKiMqQgsCu06FPu9UdIJO0beYbPhHN4k6apgJtifcoCtT9bcxOpYBtpD2kCM6Sbzg4CausW/PKQ=="
    },
    "loose-envify": {
      "version": "1.4.0",
      "resolved": "https://registry.npmjs.org/loose-envify/-/loose-envify-1.4.0.tgz",
      "integrity": "sha512-lyuxPGr/Wfhrlem2CL/UcnUc1zcqKAImBDzukY7Y5F/yQiNdko6+fRLevlw1HgMySw7f611UIY408EtxRSoK3Q==",
      "requires": {
        "js-tokens": "^3.0.0 || ^4.0.0"
      }
    },
    "object-assign": {
      "version": "4.1.1",
      "resolved": "https://registry.npmjs.org/object-assign/-/object-assign-4.1.1.tgz",
      "integrity": "sha512-rJgTQnkUnH1sFw8yT6VSU3zD3sWmu6sZhIseY8VX+GRu3P6F7Fu+JNDoXfklElbLJSnc3FUQHVe4cU5hj+BcUg=="
    },
    "prop-types": {
      "version": "15.8.1",
      "resolved": "https://registry.npmjs.org/prop-types/-/prop-types-15.8.1.tgz",
      "integrity": "sha512-oj87CgZICdulUohogVAR7AjlC0327U4el4L6eAvOqCeudMDVU0NThNaV+b9Df4dXgSP1gXMTnPdhfe/2qDH5cg==",
      "requires": {
        "loose-envify": "^1.4.0",
        "object-assign": "^4.1.1",
        "react-is": "^16.13.1"
      }
    },
    "react": {
      "version": "18.2.0",
      "resolved": "https://registry.npmjs.org/react/-/react-18.2.0.tgz",
      "integrity": "sha512-/3IjMdb2L9QbBdWiW5e3P2/npwMBaU9mHCSCUzNln0ZCYbcfTsGbTJrU/kGemdH2IWmB2ioZ+zkxtmq6g09fGQ==",
      "requires": {
        "loose-envify": "^1.1.0"
      }
    },
    "react-dom": {
      "version": "18.2.0",
      "resolved": "https://registry.npmjs.org/react-dom/-/react-dom-18.2.0.tgz",
      "integrity": "sha512-6IMTriUmvsjHUjNtEDudZfuDQUoWXVxKHhlEGSk81n4YFS+r/Kl99wXiwlVXtPBtJenozv2P+hxDsw9eA7Xo6g==",
      "requires": {
        "loose-envify": "^1.1.0",
        "scheduler": "^0.23.0"
      }
    },
    "react-is": {
      "version": "16.13.1",
      "resolved": "https://registry.npmjs.org/react-is/-/react-is-16.13.1.tgz",
      "integrity": "sha512-24e6ynE2H+OKt4kqsOvNd8kBpV65zoxbA4BVsEOB3ARVWQki/DHzaUoC5KuON/BiccDaCCTZBuOcfZs70kR8bQ=="
    },
    "scheduler": {
      "version": "0.23.0",
      "resolved": "https://registry.npmjs.org/scheduler/-/scheduler-0.23.0.tgz",
      "integrity": "sha512-CtuThmgHNg7zIZWAXi3AsyIzA3n4xx7aNyjwC2VJldO2LMVDhFK+63xGqq6CsJH4rTAt6/M+N4GhZiDYPx9eUw==",
      "requires": {
        "loose-envify": "^1.1.0"
      }
    }
  }
}
